{
  "name": "next-app",
  "lockfileVersion": 3,
  "requires": true,
  "packages": {
    "": {
      "name": "next-app",
      "dependencies": {
        "next": "15.1.0"
      }
    },
    "node_modules/next": {
      "version": "15.1.0",
      "resolved": "https://registry.npmjs.org/next/-/next-15.1.0.tgz",
      "integrity": "sha512-example"
    }
  }
}
