{
  "name": "monorepo-npm",
  "lockfileVersion": 3,
  "requires": true,
  "packages": {
    "": {
      "name": "monorepo-npm",
      "workspaces": ["packages/*"]
    },
    "node_modules/lodash": {
      "version": "4.17.21",
      "resolved": "https://registry.npmjs.org/lodash/-/lodash-4.17.21.tgz",
      "integrity": "sha512-v2kDEe57cuTQF0iHBIGXYq8o3Y/4TzkHFIr8VAE4P8Xf7W7K1XQdV0Jz3Q7X7X7X7X7X7X7X7X7X7X7X7X7X7X7X7X7X="
    },
    "packages/api": {
      "name": "@monorepo/api",
      "dependencies": {
        "lodash": "^4.17.21"
      }
    }
  }
}
