{
  "name": "express-demo",
  "lockfileVersion": 2,
  "packages": {
    "": {
      "name": "express-demo",
      "version": "1.0.0",
      "dependencies": {
        "express": "4.17.1",
        "lodash": "4.17.20"
      },
      "devDependencies": {
        "eslint": "7.32.0"
      }
    },
    "node_modules/express": {
      "version": "4.17.1",
      "dependencies": {
        "qs": "6.7.0"
      }
    },
    "node_modules/lodash": {
      "version": "4.17.20"
    },
    "node_modules/eslint": {
      "version": "7.32.0",
      "dev": true
    },
    "node_modules/qs": {
      "version": "6.7.0"
    }
  }
}
